// !$*UTF8*$!
{
	archiveVersion = 1;
	classes = {
	};
	objectVersion = 56;
	objects = {

/* Begin PBXBuildFile section */
		3F5E84F32BEA6215009D5319 /* MoonPhaseApp.swift in Sources */ = {isa = PBXBuildFile; fileRef = 3F5E84F22BEA6215009D5319 /* MoonPhaseApp.swift */; };
		3F5E84F52BEA6215009D5319 /* ContentView.swift in Sources */ = {isa = PBXBuildFile; fileRef = 3F5E84F42BEA6215009D5319 /* ContentView.swift */; };
		3F5E84F72BEA6216009D5319 /* Assets.xcassets in Resources */ = {isa = PBXBuildFile; fileRef = 3F5E84F62BEA6216009D5319 /* Assets.xcassets */; };
		3F5E84FA2BEA6216009D5319 /* Preview Assets.xcassets in Resources */ = {isa = PBXBuildFile; fileRef = 3F5E84F92BEA6216009D5319 /* Preview Assets.xcassets */; };
		3F5E85062BEA6278009D5319 /* SwiftAA in Frameworks */ = {isa = PBXBuildFile; productRef = 3F5E85052BEA6278009D5319 /* SwiftAA */; };
		3F5E85082BEA636D009D5319 /* Helpers.swift in Sources */ = {isa = PBXBuildFile; fileRef = 3F5E85072BEA636D009D5319 /* Helpers.swift */; };
		3F5E850A2BEA639B009D5319 /* MoonControl.swift in Sources */ = {isa = PBXBuildFile; fileRef = 3F5E85092BEA639B009D5319 /* MoonControl.swift */; };
		3F5E850C2BEA6569009D5319 /* LocationManager.swift in Sources */ = {isa = PBXBuildFile; fileRef = 3F5E850B2BEA6569009D5319 /* LocationManager.swift */; };
		3F5E850E2BEA6673009D5319 /* MoonView.swift in Sources */ = {isa = PBXBuildFile; fileRef = 3F5E850D2BEA6673009D5319 /* MoonView.swift */; };
		3F5E85102BEA66EF009D5319 /* SunView.swift in Sources */ = {isa = PBXBuildFile; fileRef = 3F5E850F2BEA66EF009D5319 /* SunView.swift */; };
		3F5E85122BEA6AC3009D5319 /* SunControl.swift in Sources */ = {isa = PBXBuildFile; fileRef = 3F5E85112BEA6AC3009D5319 /* SunControl.swift */; };
		3F5E85132BEA6CB1009D5319 /* SwiftAA in Embed Frameworks */ = {isa = PBXBuildFile; productRef = 3F5E85052BEA6278009D5319 /* SwiftAA */; settings = {ATTRIBUTES = (CodeSignOnCopy, ); }; };
/* End PBXBuildFile section */

/* Begin PBXCopyFilesBuildPhase section */
		3F5E85142BEA6CB1009D5319 /* Embed Frameworks */ = {
			isa = PBXCopyFilesBuildPhase;
			buildActionMask = 2147483647;
			dstPath = "";
			dstSubfolderSpec = 10;
			files = (
				3F5E85132BEA6CB1009D5319 /* SwiftAA in Embed Frameworks */,
			);
			name = "Embed Frameworks";
			runOnlyForDeploymentPostprocessing = 0;
		};
/* End PBXCopyFilesBuildPhase section */

/* Begin PBXFileReference section */
		3F5E84EF2BEA6215009D5319 /* MoonPhase.app */ = {isa = PBXFileReference; explicitFileType = wrapper.application; includeInIndex = 0; path = MoonPhase.app; sourceTree = BUILT_PRODUCTS_DIR; };
		3F5E84F22BEA6215009D5319 /* MoonPhaseApp.swift */ = {isa = PBXFileReference; lastKnownFileType = sourcecode.swift; path = MoonPhaseApp.swift; sourceTree = "<group>"; };
		3F5E84F42BEA6215009D5319 /* ContentView.swift */ = {isa = PBXFileReference; lastKnownFileType = sourcecode.swift; path = ContentView.swift; sourceTree = "<group>"; };
		3F5E84F62BEA6216009D5319 /* Assets.xcassets */ = {isa = PBXFileReference; lastKnownFileType = folder.assetcatalog; path = Assets.xcassets; sourceTree = "<group>"; };
		3F5E84F92BEA6216009D5319 /* Preview Assets.xcassets */ = {isa = PBXFileReference; lastKnownFileType = folder.assetcatalog; path = "Preview Assets.xcassets"; sourceTree = "<group>"; };
		3F5E85072BEA636D009D5319 /* Helpers.swift */ = {isa = PBXFileReference; lastKnownFileType = sourcecode.swift; path = Helpers.swift; sourceTree = "<group>"; };
		3F5E85092BEA639B009D5319 /* MoonControl.swift */ = {isa = PBXFileReference; lastKnownFileType = sourcecode.swift; path = MoonControl.swift; sourceTree = "<group>"; };
		3F5E850B2BEA6569009D5319 /* LocationManager.swift */ = {isa = PBXFileReference; lastKnownFileType = sourcecode.swift; path = LocationManager.swift; sourceTree = "<group>"; };
		3F5E850D2BEA6673009D5319 /* MoonView.swift */ = {isa = PBXFileReference; lastKnownFileType = sourcecode.swift; path = MoonView.swift; sourceTree = "<group>"; };
		3F5E850F2BEA66EF009D5319 /* SunView.swift */ = {isa = PBXFileReference; lastKnownFileType = sourcecode.swift; path = SunView.swift; sourceTree = "<group>"; };
		3F5E85112BEA6AC3009D5319 /* SunControl.swift */ = {isa = PBXFileReference; lastKnownFileType = sourcecode.swift; path = SunControl.swift; sourceTree = "<group>"; };
/* End PBXFileReference section */

/* Begin PBXFrameworksBuildPhase section */
		3F5E84EC2BEA6215009D5319 /* Frameworks */ = {
			isa = PBXFrameworksBuildPhase;
			buildActionMask = 2147483647;
			files = (
				3F5E85062BEA6278009D5319 /* SwiftAA in Frameworks */,
			);
			runOnlyForDeploymentPostprocessing = 0;
		};
/* End PBXFrameworksBuildPhase section */

/* Begin PBXGroup section */
		3F5E84E62BEA6215009D5319 = {
			isa = PBXGroup;
			children = (
				3F5E84F12BEA6215009D5319 /* MoonPhase */,
				3F5E84F02BEA6215009D5319 /* Products */,
			);
			sourceTree = "<group>";
		};
		3F5E84F02BEA6215009D5319 /* Products */ = {
			isa = PBXGroup;
			children = (
				3F5E84EF2BEA6215009D5319 /* MoonPhase.app */,
			);
			name = Products;
			sourceTree = "<group>";
		};
		3F5E84F12BEA6215009D5319 /* MoonPhase */ = {
			isa = PBXGroup;
			children = (
				3F5E84F22BEA6215009D5319 /* MoonPhaseApp.swift */,
				3F5E84F42BEA6215009D5319 /* ContentView.swift */,
				3F5E84F62BEA6216009D5319 /* Assets.xcassets */,
				3F5E84F82BEA6216009D5319 /* Preview Content */,
				3F5E85072BEA636D009D5319 /* Helpers.swift */,
				3F5E850D2BEA6673009D5319 /* MoonView.swift */,
				3F5E850F2BEA66EF009D5319 /* SunView.swift */,
				3F5E85112BEA6AC3009D5319 /* SunControl.swift */,
				3F5E85092BEA639B009D5319 /* MoonControl.swift */,
				3F5E850B2BEA6569009D5319 /* LocationManager.swift */,
			);
			path = MoonPhase;
			sourceTree = "<group>";
		};
		3F5E84F82BEA6216009D5319 /* Preview Content */ = {
			isa = PBXGroup;
			children = (
				3F5E84F92BEA6216009D5319 /* Preview Assets.xcassets */,
			);
			path = "Preview Content";
			sourceTree = "<group>";
		};
/* End PBXGroup section */

/* Begin PBXNativeTarget section */
		3F5E84EE2BEA6215009D5319 /* MoonPhase */ = {
			isa = PBXNativeTarget;
			buildConfigurationList = 3F5E84FD2BEA6216009D5319 /* Build configuration list for PBXNativeTarget "MoonPhase" */;
			buildPhases = (
				3F5E84EB2BEA6215009D5319 /* Sources */,
				3F5E84EC2BEA6215009D5319 /* Frameworks */,
				3F5E84ED2BEA6215009D5319 /* Resources */,
				3F5E85142BEA6CB1009D5319 /* Embed Frameworks */,
			);
			buildRules = (
			);
			dependencies = (
			);
			name = MoonPhase;
			packageProductDependencies = (
				3F5E85052BEA6278009D5319 /* SwiftAA */,
			);
			productName = MoonPhase;
			productReference = 3F5E84EF2BEA6215009D5319 /* MoonPhase.app */;
			productType = "com.apple.product-type.application";
		};
/* End PBXNativeTarget section */

/* Begin PBXProject section */
		3F5E84E72BEA6215009D5319 /* Project object */ = {
			isa = PBXProject;
			attributes = {
				BuildIndependentTargetsInParallel = 1;
				LastSwiftUpdateCheck = 1530;
				LastUpgradeCheck = 1530;
				TargetAttributes = {
					3F5E84EE2BEA6215009D5319 = {
						CreatedOnToolsVersion = 15.3;
					};
				};
			};
			buildConfigurationList = 3F5E84EA2BEA6215009D5319 /* Build configuration list for PBXProject "MoonPhase" */;
			compatibilityVersion = "Xcode 14.0";
			developmentRegion = en;
			hasScannedForEncodings = 0;
			knownRegions = (
				en,
				Base,
			);
			mainGroup = 3F5E84E62BEA6215009D5319;
			packageReferences = (
				3F5E85002BEA6278009D5319 /* XCRemoteSwiftPackageReference "SwiftAA" */,
			);
			productRefGroup = 3F5E84F02BEA6215009D5319 /* Products */;
			projectDirPath = "";
			projectRoot = "";
			targets = (
				3F5E84EE2BEA6215009D5319 /* MoonPhase */,
			);
		};
/* End PBXProject section */

/* Begin PBXResourcesBuildPhase section */
		3F5E84ED2BEA6215009D5319 /* Resources */ = {
			isa = PBXResourcesBuildPhase;
			buildActionMask = 2147483647;
			files = (
				3F5E84FA2BEA6216009D5319 /* Preview Assets.xcassets in Resources */,
				3F5E84F72BEA6216009D5319 /* Assets.xcassets in Resources */,
			);
			runOnlyForDeploymentPostprocessing = 0;
		};
/* End PBXResourcesBuildPhase section */

/* Begin PBXSourcesBuildPhase section */
		3F5E84EB2BEA6215009D5319 /* Sources */ = {
			isa = PBXSourcesBuildPhase;
			buildActionMask = 2147483647;
			files = (
				3F5E84F52BEA6215009D5319 /* ContentView.swift in Sources */,
				3F5E85082BEA636D009D5319 /* Helpers.swift in Sources */,
				3F5E85122BEA6AC3009D5319 /* SunControl.swift in Sources */,
				3F5E850C2BEA6569009D5319 /* LocationManager.swift in Sources */,
				3F5E850E2BEA6673009D5319 /* MoonView.swift in Sources */,
				3F5E850A2BEA639B009D5319 /* MoonControl.swift in Sources */,
				3F5E85102BEA66EF009D5319 /* SunView.swift in Sources */,
				3F5E84F32BEA6215009D5319 /* MoonPhaseApp.swift in Sources */,
			);
			runOnlyForDeploymentPostprocessing = 0;
		};
/* End PBXSourcesBuildPhase section */

/* Begin XCBuildConfiguration section */
		3F5E84FB2BEA6216009D5319 /* Debug */ = {
			isa = XCBuildConfiguration;
			buildSettings = {
				ALWAYS_SEARCH_USER_PATHS = NO;
				ASSETCATALOG_COMPILER_GENERATE_SWIFT_ASSET_SYMBOL_EXTENSIONS = YES;
				CLANG_ANALYZER_NONNULL = YES;
				CLANG_ANALYZER_NUMBER_OBJECT_CONVERSION = YES_AGGRESSIVE;
				CLANG_CXX_LANGUAGE_STANDARD = "gnu++20";
				CLANG_ENABLE_MODULES = YES;
				CLANG_ENABLE_OBJC_ARC = YES;
				CLANG_ENABLE_OBJC_WEAK = YES;
				CLANG_WARN_BLOCK_CAPTURE_AUTORELEASING = YES;
				CLANG_WARN_BOOL_CONVERSION = YES;
				CLANG_WARN_COMMA = YES;
				CLANG_WARN_CONSTANT_CONVERSION = YES;
				CLANG_WARN_DEPRECATED_OBJC_IMPLEMENTATIONS = YES;
				CLANG_WARN_DIRECT_OBJC_ISA_USAGE = YES_ERROR;
				CLANG_WARN_DOCUMENTATION_COMMENTS = YES;
				CLANG_WARN_EMPTY_BODY = YES;
				CLANG_WARN_ENUM_CONVERSION = YES;
				CLANG_WARN_INFINITE_RECURSION = YES;
				CLANG_WARN_INT_CONVERSION = YES;
				CLANG_WARN_NON_LITERAL_NULL_CONVERSION = YES;
				CLANG_WARN_OBJC_IMPLICIT_RETAIN_SELF = YES;
				CLANG_WARN_OBJC_LITERAL_CONVERSION = YES;
				CLANG_WARN_OBJC_ROOT_CLASS = YES_ERROR;
				CLANG_WARN_QUOTED_INCLUDE_IN_FRAMEWORK_HEADER = YES;
				CLANG_WARN_RANGE_LOOP_ANALYSIS = YES;
				CLANG_WARN_STRICT_PROTOTYPES = YES;
				CLANG_WARN_SUSPICIOUS_MOVE = YES;
				CLANG_WARN_UNGUARDED_AVAILABILITY = YES_AGGRESSIVE;
				CLANG_WARN_UNREACHABLE_CODE = YES;
				CLANG_WARN__DUPLICATE_METHOD_MATCH = YES;
				COPY_PHASE_STRIP = NO;
				DEBUG_INFORMATION_FORMAT = dwarf;
				ENABLE_STRICT_OBJC_MSGSEND = YES;
				ENABLE_TESTABILITY = YES;
				ENABLE_USER_SCRIPT_SANDBOXING = YES;
				GCC_C_LANGUAGE_STANDARD = gnu17;
				GCC_DYNAMIC_NO_PIC = NO;
				GCC_NO_COMMON_BLOCKS = YES;
				GCC_OPTIMIZATION_LEVEL = 0;
				GCC_PREPROCESSOR_DEFINITIONS = (
					"DEBUG=1",
					"$(inherited)",
				);
				GCC_WARN_64_TO_32_BIT_CONVERSION = YES;
				GCC_WARN_ABOUT_RETURN_TYPE = YES_ERROR;
				GCC_WARN_UNDECLARED_SELECTOR = YES;
				GCC_WARN_UNINITIALIZED_AUTOS = YES_AGGRESSIVE;
				GCC_WARN_UNUSED_FUNCTION = YES;
				GCC_WARN_UNUSED_VARIABLE = YES;
				IPHONEOS_DEPLOYMENT_TARGET = 17.4;
				LOCALIZATION_PREFERS_STRING_CATALOGS = YES;
				MTL_ENABLE_DEBUG_INFO = INCLUDE_SOURCE;
				MTL_FAST_MATH = YES;
				ONLY_ACTIVE_ARCH = YES;
				SDKROOT = iphoneos;
				SWIFT_ACTIVE_COMPILATION_CONDITIONS = "DEBUG $(inherited)";
				SWIFT_OPTIMIZATION_LEVEL = "-Onone";
			};
			name = Debug;
		};
		3F5E84FC2BEA6216009D5319 /* Release */ = {
			isa = XCBuildConfiguration;
			buildSettings = {
				ALWAYS_SEARCH_USER_PATHS = NO;
				ASSETCATALOG_COMPILER_GENERATE_SWIFT_ASSET_SYMBOL_EXTENSIONS = YES;
				CLANG_ANALYZER_NONNULL = YES;
				CLANG_ANALYZER_NUMBER_OBJECT_CONVERSION = YES_AGGRESSIVE;
				CLANG_CXX_LANGUAGE_STANDARD = "gnu++20";
				CLANG_ENABLE_MODULES = YES;
				CLANG_ENABLE_OBJC_ARC = YES;
				CLANG_ENABLE_OBJC_WEAK = YES;
				CLANG_WARN_BLOCK_CAPTURE_AUTORELEASING = YES;
				CLANG_WARN_BOOL_CONVERSION = YES;
				CLANG_WARN_COMMA = YES;
				CLANG_WARN_CONSTANT_CONVERSION = YES;
				CLANG_WARN_DEPRECATED_OBJC_IMPLEMENTATIONS = YES;
				CLANG_WARN_DIRECT_OBJC_ISA_USAGE = YES_ERROR;
				CLANG_WARN_DOCUMENTATION_COMMENTS = YES;
				CLANG_WARN_EMPTY_BODY = YES;
				CLANG_WARN_ENUM_CONVERSION = YES;
				CLANG_WARN_INFINITE_RECURSION = YES;
				CLANG_WARN_INT_CONVERSION = YES;
				CLANG_WARN_NON_LITERAL_NULL_CONVERSION = YES;
				CLANG_WARN_OBJC_IMPLICIT_RETAIN_SELF = YES;
				CLANG_WARN_OBJC_LITERAL_CONVERSION = YES;
				CLANG_WARN_OBJC_ROOT_CLASS = YES_ERROR;
				CLANG_WARN_QUOTED_INCLUDE_IN_FRAMEWORK_HEADER = YES;
				CLANG_WARN_RANGE_LOOP_ANALYSIS = YES;
				CLANG_WARN_STRICT_PROTOTYPES = YES;
				CLANG_WARN_SUSPICIOUS_MOVE = YES;
				CLANG_WARN_UNGUARDED_AVAILABILITY = YES_AGGRESSIVE;
				CLANG_WARN_UNREACHABLE_CODE = YES;
				CLANG_WARN__DUPLICATE_METHOD_MATCH = YES;
				COPY_PHASE_STRIP = NO;
				DEBUG_INFORMATION_FORMAT = "dwarf-with-dsym";
				ENABLE_NS_ASSERTIONS = NO;
				ENABLE_STRICT_OBJC_MSGSEND = YES;
				ENABLE_USER_SCRIPT_SANDBOXING = YES;
				GCC_C_LANGUAGE_STANDARD = gnu17;
				GCC_NO_COMMON_BLOCKS = YES;
				GCC_WARN_64_TO_32_BIT_CONVERSION = YES;
				GCC_WARN_ABOUT_RETURN_TYPE = YES_ERROR;
				GCC_WARN_UNDECLARED_SELECTOR = YES;
				GCC_WARN_UNINITIALIZED_AUTOS = YES_AGGRESSIVE;
				GCC_WARN_UNUSED_FUNCTION = YES;
				GCC_WARN_UNUSED_VARIABLE = YES;
				IPHONEOS_DEPLOYMENT_TARGET = 17.4;
				LOCALIZATION_PREFERS_STRING_CATALOGS = YES;
				MTL_ENABLE_DEBUG_INFO = NO;
				MTL_FAST_MATH = YES;
				SDKROOT = iphoneos;
				SWIFT_COMPILATION_MODE = wholemodule;
				VALIDATE_PRODUCT = YES;
			};
			name = Release;
		};
		3F5E84FE2BEA6216009D5319 /* Debug */ = {
			isa = XCBuildConfiguration;
			buildSettings = {
				ASSETCATALOG_COMPILER_APPICON_NAME = AppIcon;
				ASSETCATALOG_COMPILER_GLOBAL_ACCENT_COLOR_NAME = AccentColor;
				CODE_SIGN_STYLE = Automatic;
				CURRENT_PROJECT_VERSION = 1;
				DEVELOPMENT_ASSET_PATHS = "\"MoonPhase/Preview Content\"";
				ENABLE_PREVIEWS = YES;
				GENERATE_INFOPLIST_FILE = YES;
				INFOPLIST_KEY_NSLocationWhenInUseUsageDescription = "Location\nneeded for calculations";
				INFOPLIST_KEY_UIApplicationSceneManifest_Generation = YES;
				INFOPLIST_KEY_UIApplicationSupportsIndirectInputEvents = YES;
				INFOPLIST_KEY_UILaunchScreen_Generation = YES;
				INFOPLIST_KEY_UISupportedInterfaceOrientations_iPad = "UIInterfaceOrientationPortrait UIInterfaceOrientationPortraitUpsideDown UIInterfaceOrientationLandscapeLeft UIInterfaceOrientationLandscapeRight";
				INFOPLIST_KEY_UISupportedInterfaceOrientations_iPhone = "UIInterfaceOrientationPortrait UIInterfaceOrientationLandscapeLeft UIInterfaceOrientationLandscapeRight";
				LD_RUNPATH_SEARCH_PATHS = (
					"$(inherited)",
					"@executable_path/Frameworks",
				);
				MARKETING_VERSION = 1.0;
				PRODUCT_BUNDLE_IDENTIFIER = put.155869.MoonPhase;
				PRODUCT_NAME = "$(TARGET_NAME)";
				SWIFT_EMIT_LOC_STRINGS = YES;
				SWIFT_VERSION = 5.0;
				TARGETED_DEVICE_FAMILY = "1,2";
			};
			name = Debug;
		};
		3F5E84FF2BEA6216009D5319 /* Release */ = {
			isa = XCBuildConfiguration;
			buildSettings = {
				ASSETCATALOG_COMPILER_APPICON_NAME = AppIcon;
				ASSETCATALOG_COMPILER_GLOBAL_ACCENT_COLOR_NAME = AccentColor;
				CODE_SIGN_STYLE = Automatic;
				CURRENT_PROJECT_VERSION = 1;
				DEVELOPMENT_ASSET_PATHS = "\"MoonPhase/Preview Content\"";
				ENABLE_PREVIEWS = YES;
				GENERATE_INFOPLIST_FILE = YES;
				INFOPLIST_KEY_NSLocationWhenInUseUsageDescription = "Location\nneeded for calculations";
				INFOPLIST_KEY_UIApplicationSceneManifest_Generation = YES;
				INFOPLIST_KEY_UIApplicationSupportsIndirectInputEvents = YES;
				INFOPLIST_KEY_UILaunchScreen_Generation = YES;
				INFOPLIST_KEY_UISupportedInterfaceOrientations_iPad = "UIInterfaceOrientationPortrait UIInterfaceOrientationPortraitUpsideDown UIInterfaceOrientationLandscapeLeft UIInterfaceOrientationLandscapeRight";
				INFOPLIST_KEY_UISupportedInterfaceOrientations_iPhone = "UIInterfaceOrientationPortrait UIInterfaceOrientationLandscapeLeft UIInterfaceOrientationLandscapeRight";
				LD_RUNPATH_SEARCH_PATHS = (
					"$(inherited)",
					"@executable_path/Frameworks",
				);
				MARKETING_VERSION = 1.0;
				PRODUCT_BUNDLE_IDENTIFIER = put.155869.MoonPhase;
				PRODUCT_NAME = "$(TARGET_NAME)";
				SWIFT_EMIT_LOC_STRINGS = YES;
				SWIFT_VERSION = 5.0;
				TARGETED_DEVICE_FAMILY = "1,2";
			};
			name = Release;
		};
/* End XCBuildConfiguration section */

/* Begin XCConfigurationList section */
		3F5E84EA2BEA6215009D5319 /* Build configuration list for PBXProject "MoonPhase" */ = {
			isa = XCConfigurationList;
			buildConfigurations = (
				3F5E84FB2BEA6216009D5319 /* Debug */,
				3F5E84FC2BEA6216009D5319 /* Release */,
			);
			defaultConfigurationIsVisible = 0;
			defaultConfigurationName = Release;
		};
		3F5E84FD2BEA6216009D5319 /* Build configuration list for PBXNativeTarget "MoonPhase" */ = {
			isa = XCConfigurationList;
			buildConfigurations = (
				3F5E84FE2BEA6216009D5319 /* Debug */,
				3F5E84FF2BEA6216009D5319 /* Release */,
			);
			defaultConfigurationIsVisible = 0;
			defaultConfigurationName = Release;
		};
/* End XCConfigurationList section */

/* Begin XCRemoteSwiftPackageReference section */
		3F5E85002BEA6278009D5319 /* XCRemoteSwiftPackageReference "SwiftAA" */ = {
			isa = XCRemoteSwiftPackageReference;
			repositoryURL = "https://github.com/onekiloparsec/SwiftAA";
			requirement = {
				kind = upToNextMajorVersion;
				minimumVersion = 2.4.0;
			};
		};
/* End XCRemoteSwiftPackageReference section */

/* Begin XCSwiftPackageProductDependency section */
		3F5E85052BEA6278009D5319 /* SwiftAA */ = {
			isa = XCSwiftPackageProductDependency;
			package = 3F5E85002BEA6278009D5319 /* XCRemoteSwiftPackageReference "SwiftAA" */;
			productName = SwiftAA;
		};
/* End XCSwiftPackageProductDependency section */
	};
	rootObject = 3F5E84E72BEA6215009D5319 /* Project object */;
}
