// !$*UTF8*$!
{
	archiveVersion = 1;
	classes = {
	};
	objectVersion = 56;
	objects = {

/* Begin PBXBuildFile section */
		3651BF3C2BBEAE70002E096B /* tablice.plist in Resources */ = {isa = PBXBuildFile; fileRef = 3651BF3B2BBEAE70002E096B /* tablice.plist */; };
		36BFC9422AE6C4F4007BE360 /* DistrictViewController.swift in Sources */ = {isa = PBXBuildFile; fileRef = 36BFC9412AE6C4F4007BE360 /* DistrictViewController.swift */; };
		36BFC9442AE6F4DD007BE360 /* DetailsViewController.swift in Sources */ = {isa = PBXBuildFile; fileRef = 36BFC9432AE6F4DD007BE360 /* DetailsViewController.swift */; };
		36BFC9462AE7C970007BE360 /* VoivodshipTableViewCell.swift in Sources */ = {isa = PBXBuildFile; fileRef = 36BFC9452AE7C970007BE360 /* VoivodshipTableViewCell.swift */; };
		36BFC9482AE7C986007BE360 /* SearchTableViewCell.swift in Sources */ = {isa = PBXBuildFile; fileRef = 36BFC9472AE7C986007BE360 /* SearchTableViewCell.swift */; };
		36BFC94A2AE7E0FD007BE360 /* Extensions.swift in Sources */ = {isa = PBXBuildFile; fileRef = 36BFC9492AE7E0FD007BE360 /* Extensions.swift */; };
		36CF635B2AE273EB00F21E3C /* AppDelegate.swift in Sources */ = {isa = PBXBuildFile; fileRef = 36CF635A2AE273EB00F21E3C /* AppDelegate.swift */; };
		36CF635D2AE273EB00F21E3C /* SceneDelegate.swift in Sources */ = {isa = PBXBuildFile; fileRef = 36CF635C2AE273EB00F21E3C /* SceneDelegate.swift */; };
		36CF635F2AE273EB00F21E3C /* ViewController.swift in Sources */ = {isa = PBXBuildFile; fileRef = 36CF635E2AE273EB00F21E3C /* ViewController.swift */; };
		36CF63622AE273EB00F21E3C /* Main.storyboard in Resources */ = {isa = PBXBuildFile; fileRef = 36CF63602AE273EB00F21E3C /* Main.storyboard */; };
		36CF63642AE273ED00F21E3C /* Assets.xcassets in Resources */ = {isa = PBXBuildFile; fileRef = 36CF63632AE273ED00F21E3C /* Assets.xcassets */; };
		36CF63672AE273ED00F21E3C /* LaunchScreen.storyboard in Resources */ = {isa = PBXBuildFile; fileRef = 36CF63652AE273ED00F21E3C /* LaunchScreen.storyboard */; };
		3F805B012BD7ED2200EEA9F8 /* WebKit.framework in Frameworks */ = {isa = PBXBuildFile; fileRef = 3F805B002BD7ED2200EEA9F8 /* WebKit.framework */; };
		3FCE80CA2BC3DC670049C868 /* NewDistrictViewController.swift in Sources */ = {isa = PBXBuildFile; fileRef = 3FCE80C92BC3DC670049C868 /* NewDistrictViewController.swift */; };
		3FCE80CC2BC3E86C0049C868 /* WikiViewController.swift in Sources */ = {isa = PBXBuildFile; fileRef = 3FCE80CB2BC3E86C0049C868 /* WikiViewController.swift */; };
/* End PBXBuildFile section */

/* Begin PBXFileReference section */
		3651BF3B2BBEAE70002E096B /* tablice.plist */ = {isa = PBXFileReference; fileEncoding = 4; lastKnownFileType = text.plist.xml; path = tablice.plist; sourceTree = "<group>"; };
		36BFC9412AE6C4F4007BE360 /* DistrictViewController.swift */ = {isa = PBXFileReference; lastKnownFileType = sourcecode.swift; path = DistrictViewController.swift; sourceTree = "<group>"; };
		36BFC9432AE6F4DD007BE360 /* DetailsViewController.swift */ = {isa = PBXFileReference; lastKnownFileType = sourcecode.swift; path = DetailsViewController.swift; sourceTree = "<group>"; };
		36BFC9452AE7C970007BE360 /* VoivodshipTableViewCell.swift */ = {isa = PBXFileReference; lastKnownFileType = sourcecode.swift; path = VoivodshipTableViewCell.swift; sourceTree = "<group>"; };
		36BFC9472AE7C986007BE360 /* SearchTableViewCell.swift */ = {isa = PBXFileReference; lastKnownFileType = sourcecode.swift; path = SearchTableViewCell.swift; sourceTree = "<group>"; };
		36BFC9492AE7E0FD007BE360 /* Extensions.swift */ = {isa = PBXFileReference; lastKnownFileType = sourcecode.swift; path = Extensions.swift; sourceTree = "<group>"; };
		36CF63572AE273EB00F21E3C /* TabliceRejestracyjne.app */ = {isa = PBXFileReference; explicitFileType = wrapper.application; includeInIndex = 0; path = TabliceRejestracyjne.app; sourceTree = BUILT_PRODUCTS_DIR; };
		36CF635A2AE273EB00F21E3C /* AppDelegate.swift */ = {isa = PBXFileReference; lastKnownFileType = sourcecode.swift; path = AppDelegate.swift; sourceTree = "<group>"; };
		36CF635C2AE273EB00F21E3C /* SceneDelegate.swift */ = {isa = PBXFileReference; lastKnownFileType = sourcecode.swift; path = SceneDelegate.swift; sourceTree = "<group>"; };
		36CF635E2AE273EB00F21E3C /* ViewController.swift */ = {isa = PBXFileReference; lastKnownFileType = sourcecode.swift; path = ViewController.swift; sourceTree = "<group>"; };
		36CF63612AE273EB00F21E3C /* Base */ = {isa = PBXFileReference; lastKnownFileType = file.storyboard; name = Base; path = Base.lproj/Main.storyboard; sourceTree = "<group>"; };
		36CF63632AE273ED00F21E3C /* Assets.xcassets */ = {isa = PBXFileReference; lastKnownFileType = folder.assetcatalog; path = Assets.xcassets; sourceTree = "<group>"; };
		36CF63662AE273ED00F21E3C /* Base */ = {isa = PBXFileReference; lastKnownFileType = file.storyboard; name = Base; path = Base.lproj/LaunchScreen.storyboard; sourceTree = "<group>"; };
		36CF63682AE273ED00F21E3C /* Info.plist */ = {isa = PBXFileReference; lastKnownFileType = text.plist.xml; path = Info.plist; sourceTree = "<group>"; };
		36CF63712AE2DBB200F21E3C /* Rejestracje.xlsx */ = {isa = PBXFileReference; lastKnownFileType = file; path = Rejestracje.xlsx; sourceTree = "<group>"; };
		3F805B002BD7ED2200EEA9F8 /* WebKit.framework */ = {isa = PBXFileReference; lastKnownFileType = wrapper.framework; name = WebKit.framework; path = System/Library/Frameworks/WebKit.framework; sourceTree = SDKROOT; };
		3FCE80C92BC3DC670049C868 /* NewDistrictViewController.swift */ = {isa = PBXFileReference; lastKnownFileType = sourcecode.swift; path = NewDistrictViewController.swift; sourceTree = "<group>"; };
		3FCE80CB2BC3E86C0049C868 /* WikiViewController.swift */ = {isa = PBXFileReference; lastKnownFileType = sourcecode.swift; path = WikiViewController.swift; sourceTree = "<group>"; };
/* End PBXFileReference section */

/* Begin PBXFrameworksBuildPhase section */
		36CF63542AE273EB00F21E3C /* Frameworks */ = {
			isa = PBXFrameworksBuildPhase;
			buildActionMask = 2147483647;
			files = (
				3F805B012BD7ED2200EEA9F8 /* WebKit.framework in Frameworks */,
			);
			runOnlyForDeploymentPostprocessing = 0;
		};
/* End PBXFrameworksBuildPhase section */

/* Begin PBXGroup section */
		3651BF392BBEA800002E096B /* Komórki */ = {
			isa = PBXGroup;
			children = (
				36BFC9472AE7C986007BE360 /* SearchTableViewCell.swift */,
				36BFC9452AE7C970007BE360 /* VoivodshipTableViewCell.swift */,
			);
			name = "Komórki";
			path = "Komórki";
			sourceTree = "<group>";
		};
		3651BF3A2BBEA810002E096B /* Widoki */ = {
			isa = PBXGroup;
			children = (
				36BFC9412AE6C4F4007BE360 /* DistrictViewController.swift */,
				36CF635E2AE273EB00F21E3C /* ViewController.swift */,
				3FCE80C92BC3DC670049C868 /* NewDistrictViewController.swift */,
				3FCE80CB2BC3E86C0049C868 /* WikiViewController.swift */,
				36BFC9432AE6F4DD007BE360 /* DetailsViewController.swift */,
			);
			path = Widoki;
			sourceTree = "<group>";
		};
		36CF634E2AE273EA00F21E3C = {
			isa = PBXGroup;
			children = (
				36CF63592AE273EB00F21E3C /* TabliceRejestracyjne */,
				36CF63582AE273EB00F21E3C /* Products */,
				3F805AFF2BD7ED2200EEA9F8 /* Frameworks */,
			);
			sourceTree = "<group>";
		};
		36CF63582AE273EB00F21E3C /* Products */ = {
			isa = PBXGroup;
			children = (
				36CF63572AE273EB00F21E3C /* TabliceRejestracyjne.app */,
			);
			name = Products;
			sourceTree = "<group>";
		};
		36CF63592AE273EB00F21E3C /* TabliceRejestracyjne */ = {
			isa = PBXGroup;
			children = (
				36CF63702AE2DB9800F21E3C /* Resource */,
				36CF635A2AE273EB00F21E3C /* AppDelegate.swift */,
				36CF635C2AE273EB00F21E3C /* SceneDelegate.swift */,
				36BFC9492AE7E0FD007BE360 /* Extensions.swift */,
				36CF63602AE273EB00F21E3C /* Main.storyboard */,
				3651BF392BBEA800002E096B /* Komórki */,
				3651BF3A2BBEA810002E096B /* Widoki */,
				36CF63632AE273ED00F21E3C /* Assets.xcassets */,
				36CF63652AE273ED00F21E3C /* LaunchScreen.storyboard */,
				36CF63682AE273ED00F21E3C /* Info.plist */,
			);
			path = TabliceRejestracyjne;
			sourceTree = "<group>";
		};
		36CF63702AE2DB9800F21E3C /* Resource */ = {
			isa = PBXGroup;
			children = (
				3651BF3B2BBEAE70002E096B /* tablice.plist */,
				36CF63712AE2DBB200F21E3C /* Rejestracje.xlsx */,
			);
			path = Resource;
			sourceTree = "<group>";
		};
		3F805AFF2BD7ED2200EEA9F8 /* Frameworks */ = {
			isa = PBXGroup;
			children = (
				3F805B002BD7ED2200EEA9F8 /* WebKit.framework */,
			);
			name = Frameworks;
			sourceTree = "<group>";
		};
/* End PBXGroup section */

/* Begin PBXNativeTarget section */
		36CF63562AE273EB00F21E3C /* TabliceRejestracyjne */ = {
			isa = PBXNativeTarget;
			buildConfigurationList = 36CF636B2AE273ED00F21E3C /* Build configuration list for PBXNativeTarget "TabliceRejestracyjne" */;
			buildPhases = (
				36CF63532AE273EB00F21E3C /* Sources */,
				36CF63542AE273EB00F21E3C /* Frameworks */,
				36CF63552AE273EB00F21E3C /* Resources */,
			);
			buildRules = (
			);
			dependencies = (
			);
			name = TabliceRejestracyjne;
			productName = TabliceRejestracyjne;
			productReference = 36CF63572AE273EB00F21E3C /* TabliceRejestracyjne.app */;
			productType = "com.apple.product-type.application";
		};
/* End PBXNativeTarget section */

/* Begin PBXProject section */
		36CF634F2AE273EA00F21E3C /* Project object */ = {
			isa = PBXProject;
			attributes = {
				BuildIndependentTargetsInParallel = 1;
				LastSwiftUpdateCheck = 1500;
				LastUpgradeCheck = 1500;
				TargetAttributes = {
					36CF63562AE273EB00F21E3C = {
						CreatedOnToolsVersion = 15.0;
					};
				};
			};
			buildConfigurationList = 36CF63522AE273EA00F21E3C /* Build configuration list for PBXProject "TabliceRejestracyjne" */;
			compatibilityVersion = "Xcode 14.0";
			developmentRegion = en;
			hasScannedForEncodings = 0;
			knownRegions = (
				en,
				Base,
			);
			mainGroup = 36CF634E2AE273EA00F21E3C;
			productRefGroup = 36CF63582AE273EB00F21E3C /* Products */;
			projectDirPath = "";
			projectRoot = "";
			targets = (
				36CF63562AE273EB00F21E3C /* TabliceRejestracyjne */,
			);
		};
/* End PBXProject section */

/* Begin PBXResourcesBuildPhase section */
		36CF63552AE273EB00F21E3C /* Resources */ = {
			isa = PBXResourcesBuildPhase;
			buildActionMask = 2147483647;
			files = (
				36CF63672AE273ED00F21E3C /* LaunchScreen.storyboard in Resources */,
				36CF63642AE273ED00F21E3C /* Assets.xcassets in Resources */,
				36CF63622AE273EB00F21E3C /* Main.storyboard in Resources */,
				3651BF3C2BBEAE70002E096B /* tablice.plist in Resources */,
			);
			runOnlyForDeploymentPostprocessing = 0;
		};
/* End PBXResourcesBuildPhase section */

/* Begin PBXSourcesBuildPhase section */
		36CF63532AE273EB00F21E3C /* Sources */ = {
			isa = PBXSourcesBuildPhase;
			buildActionMask = 2147483647;
			files = (
				36BFC9462AE7C970007BE360 /* VoivodshipTableViewCell.swift in Sources */,
				36BFC9422AE6C4F4007BE360 /* DistrictViewController.swift in Sources */,
				36CF635F2AE273EB00F21E3C /* ViewController.swift in Sources */,
				36BFC94A2AE7E0FD007BE360 /* Extensions.swift in Sources */,
				36CF635B2AE273EB00F21E3C /* AppDelegate.swift in Sources */,
				3FCE80CA2BC3DC670049C868 /* NewDistrictViewController.swift in Sources */,
				36CF635D2AE273EB00F21E3C /* SceneDelegate.swift in Sources */,
				36BFC9442AE6F4DD007BE360 /* DetailsViewController.swift in Sources */,
				3FCE80CC2BC3E86C0049C868 /* WikiViewController.swift in Sources */,
				36BFC9482AE7C986007BE360 /* SearchTableViewCell.swift in Sources */,
			);
			runOnlyForDeploymentPostprocessing = 0;
		};
/* End PBXSourcesBuildPhase section */

/* Begin PBXVariantGroup section */
		36CF63602AE273EB00F21E3C /* Main.storyboard */ = {
			isa = PBXVariantGroup;
			children = (
				36CF63612AE273EB00F21E3C /* Base */,
			);
			name = Main.storyboard;
			sourceTree = "<group>";
		};
		36CF63652AE273ED00F21E3C /* LaunchScreen.storyboard */ = {
			isa = PBXVariantGroup;
			children = (
				36CF63662AE273ED00F21E3C /* Base */,
			);
			name = LaunchScreen.storyboard;
			sourceTree = "<group>";
		};
/* End PBXVariantGroup section */

/* Begin XCBuildConfiguration section */
		36CF63692AE273ED00F21E3C /* Debug */ = {
			isa = XCBuildConfiguration;
			buildSettings = {
				ALWAYS_SEARCH_USER_PATHS = NO;
				ASSETCATALOG_COMPILER_GENERATE_SWIFT_ASSET_SYMBOL_EXTENSIONS = YES;
				CLANG_ANALYZER_NONNULL = YES;
				CLANG_ANALYZER_NUMBER_OBJECT_CONVERSION = YES_AGGRESSIVE;
				CLANG_CXX_LANGUAGE_STANDARD = "gnu++20";
				CLANG_ENABLE_MODULES = YES;
				CLANG_ENABLE_OBJC_ARC = YES;
				CLANG_ENABLE_OBJC_WEAK = YES;
				CLANG_WARN_BLOCK_CAPTURE_AUTORELEASING = YES;
				CLANG_WARN_BOOL_CONVERSION = YES;
				CLANG_WARN_COMMA = YES;
				CLANG_WARN_CONSTANT_CONVERSION = YES;
				CLANG_WARN_DEPRECATED_OBJC_IMPLEMENTATIONS = YES;
				CLANG_WARN_DIRECT_OBJC_ISA_USAGE = YES_ERROR;
				CLANG_WARN_DOCUMENTATION_COMMENTS = YES;
				CLANG_WARN_EMPTY_BODY = YES;
				CLANG_WARN_ENUM_CONVERSION = YES;
				CLANG_WARN_INFINITE_RECURSION = YES;
				CLANG_WARN_INT_CONVERSION = YES;
				CLANG_WARN_NON_LITERAL_NULL_CONVERSION = YES;
				CLANG_WARN_OBJC_IMPLICIT_RETAIN_SELF = YES;
				CLANG_WARN_OBJC_LITERAL_CONVERSION = YES;
				CLANG_WARN_OBJC_ROOT_CLASS = YES_ERROR;
				CLANG_WARN_QUOTED_INCLUDE_IN_FRAMEWORK_HEADER = YES;
				CLANG_WARN_RANGE_LOOP_ANALYSIS = YES;
				CLANG_WARN_STRICT_PROTOTYPES = YES;
				CLANG_WARN_SUSPICIOUS_MOVE = YES;
				CLANG_WARN_UNGUARDED_AVAILABILITY = YES_AGGRESSIVE;
				CLANG_WARN_UNREACHABLE_CODE = YES;
				CLANG_WARN__DUPLICATE_METHOD_MATCH = YES;
				COPY_PHASE_STRIP = NO;
				DEBUG_INFORMATION_FORMAT = dwarf;
				ENABLE_STRICT_OBJC_MSGSEND = YES;
				ENABLE_TESTABILITY = YES;
				ENABLE_USER_SCRIPT_SANDBOXING = YES;
				GCC_C_LANGUAGE_STANDARD = gnu17;
				GCC_DYNAMIC_NO_PIC = NO;
				GCC_NO_COMMON_BLOCKS = YES;
				GCC_OPTIMIZATION_LEVEL = 0;
				GCC_PREPROCESSOR_DEFINITIONS = (
					"DEBUG=1",
					"$(inherited)",
				);
				GCC_WARN_64_TO_32_BIT_CONVERSION = YES;
				GCC_WARN_ABOUT_RETURN_TYPE = YES_ERROR;
				GCC_WARN_UNDECLARED_SELECTOR = YES;
				GCC_WARN_UNINITIALIZED_AUTOS = YES_AGGRESSIVE;
				GCC_WARN_UNUSED_FUNCTION = YES;
				GCC_WARN_UNUSED_VARIABLE = YES;
				IPHONEOS_DEPLOYMENT_TARGET = 17.0;
				LOCALIZATION_PREFERS_STRING_CATALOGS = YES;
				MTL_ENABLE_DEBUG_INFO = INCLUDE_SOURCE;
				MTL_FAST_MATH = YES;
				ONLY_ACTIVE_ARCH = YES;
				SDKROOT = iphoneos;
				SWIFT_ACTIVE_COMPILATION_CONDITIONS = "DEBUG $(inherited)";
				SWIFT_OPTIMIZATION_LEVEL = "-Onone";
			};
			name = Debug;
		};
		36CF636A2AE273ED00F21E3C /* Release */ = {
			isa = XCBuildConfiguration;
			buildSettings = {
				ALWAYS_SEARCH_USER_PATHS = NO;
				ASSETCATALOG_COMPILER_GENERATE_SWIFT_ASSET_SYMBOL_EXTENSIONS = YES;
				CLANG_ANALYZER_NONNULL = YES;
				CLANG_ANALYZER_NUMBER_OBJECT_CONVERSION = YES_AGGRESSIVE;
				CLANG_CXX_LANGUAGE_STANDARD = "gnu++20";
				CLANG_ENABLE_MODULES = YES;
				CLANG_ENABLE_OBJC_ARC = YES;
				CLANG_ENABLE_OBJC_WEAK = YES;
				CLANG_WARN_BLOCK_CAPTURE_AUTORELEASING = YES;
				CLANG_WARN_BOOL_CONVERSION = YES;
				CLANG_WARN_COMMA = YES;
				CLANG_WARN_CONSTANT_CONVERSION = YES;
				CLANG_WARN_DEPRECATED_OBJC_IMPLEMENTATIONS = YES;
				CLANG_WARN_DIRECT_OBJC_ISA_USAGE = YES_ERROR;
				CLANG_WARN_DOCUMENTATION_COMMENTS = YES;
				CLANG_WARN_EMPTY_BODY = YES;
				CLANG_WARN_ENUM_CONVERSION = YES;
				CLANG_WARN_INFINITE_RECURSION = YES;
				CLANG_WARN_INT_CONVERSION = YES;
				CLANG_WARN_NON_LITERAL_NULL_CONVERSION = YES;
				CLANG_WARN_OBJC_IMPLICIT_RETAIN_SELF = YES;
				CLANG_WARN_OBJC_LITERAL_CONVERSION = YES;
				CLANG_WARN_OBJC_ROOT_CLASS = YES_ERROR;
				CLANG_WARN_QUOTED_INCLUDE_IN_FRAMEWORK_HEADER = YES;
				CLANG_WARN_RANGE_LOOP_ANALYSIS = YES;
				CLANG_WARN_STRICT_PROTOTYPES = YES;
				CLANG_WARN_SUSPICIOUS_MOVE = YES;
				CLANG_WARN_UNGUARDED_AVAILABILITY = YES_AGGRESSIVE;
				CLANG_WARN_UNREACHABLE_CODE = YES;
				CLANG_WARN__DUPLICATE_METHOD_MATCH = YES;
				COPY_PHASE_STRIP = NO;
				DEBUG_INFORMATION_FORMAT = "dwarf-with-dsym";
				ENABLE_NS_ASSERTIONS = NO;
				ENABLE_STRICT_OBJC_MSGSEND = YES;
				ENABLE_USER_SCRIPT_SANDBOXING = YES;
				GCC_C_LANGUAGE_STANDARD = gnu17;
				GCC_NO_COMMON_BLOCKS = YES;
				GCC_WARN_64_TO_32_BIT_CONVERSION = YES;
				GCC_WARN_ABOUT_RETURN_TYPE = YES_ERROR;
				GCC_WARN_UNDECLARED_SELECTOR = YES;
				GCC_WARN_UNINITIALIZED_AUTOS = YES_AGGRESSIVE;
				GCC_WARN_UNUSED_FUNCTION = YES;
				GCC_WARN_UNUSED_VARIABLE = YES;
				IPHONEOS_DEPLOYMENT_TARGET = 17.0;
				LOCALIZATION_PREFERS_STRING_CATALOGS = YES;
				MTL_ENABLE_DEBUG_INFO = NO;
				MTL_FAST_MATH = YES;
				SDKROOT = iphoneos;
				SWIFT_COMPILATION_MODE = wholemodule;
				VALIDATE_PRODUCT = YES;
			};
			name = Release;
		};
		36CF636C2AE273ED00F21E3C /* Debug */ = {
			isa = XCBuildConfiguration;
			buildSettings = {
				ASSETCATALOG_COMPILER_APPICON_NAME = AppIcon;
				ASSETCATALOG_COMPILER_GLOBAL_ACCENT_COLOR_NAME = AccentColor;
				CODE_SIGN_STYLE = Automatic;
				CURRENT_PROJECT_VERSION = 1;
				DEVELOPMENT_TEAM = "";
				GENERATE_INFOPLIST_FILE = YES;
				INFOPLIST_FILE = TabliceRejestracyjne/Info.plist;
				INFOPLIST_KEY_UIApplicationSupportsIndirectInputEvents = YES;
				INFOPLIST_KEY_UILaunchStoryboardName = LaunchScreen;
				INFOPLIST_KEY_UIMainStoryboardFile = Main;
				INFOPLIST_KEY_UISupportedInterfaceOrientations_iPad = "UIInterfaceOrientationPortrait UIInterfaceOrientationPortraitUpsideDown UIInterfaceOrientationLandscapeLeft UIInterfaceOrientationLandscapeRight";
				INFOPLIST_KEY_UISupportedInterfaceOrientations_iPhone = "UIInterfaceOrientationPortrait UIInterfaceOrientationLandscapeLeft UIInterfaceOrientationLandscapeRight";
				LD_RUNPATH_SEARCH_PATHS = (
					"$(inherited)",
					"@executable_path/Frameworks",
				);
				MARKETING_VERSION = 1.0;
				PRODUCT_BUNDLE_IDENTIFIER = put.155869;
				PRODUCT_NAME = "$(TARGET_NAME)";
				SWIFT_EMIT_LOC_STRINGS = YES;
				SWIFT_VERSION = 5.0;
				TARGETED_DEVICE_FAMILY = "1,2";
			};
			name = Debug;
		};
		36CF636D2AE273ED00F21E3C /* Release */ = {
			isa = XCBuildConfiguration;
			buildSettings = {
				ASSETCATALOG_COMPILER_APPICON_NAME = AppIcon;
				ASSETCATALOG_COMPILER_GLOBAL_ACCENT_COLOR_NAME = AccentColor;
				CODE_SIGN_STYLE = Automatic;
				CURRENT_PROJECT_VERSION = 1;
				DEVELOPMENT_TEAM = "";
				GENERATE_INFOPLIST_FILE = YES;
				INFOPLIST_FILE = TabliceRejestracyjne/Info.plist;
				INFOPLIST_KEY_UIApplicationSupportsIndirectInputEvents = YES;
				INFOPLIST_KEY_UILaunchStoryboardName = LaunchScreen;
				INFOPLIST_KEY_UIMainStoryboardFile = Main;
				INFOPLIST_KEY_UISupportedInterfaceOrientations_iPad = "UIInterfaceOrientationPortrait UIInterfaceOrientationPortraitUpsideDown UIInterfaceOrientationLandscapeLeft UIInterfaceOrientationLandscapeRight";
				INFOPLIST_KEY_UISupportedInterfaceOrientations_iPhone = "UIInterfaceOrientationPortrait UIInterfaceOrientationLandscapeLeft UIInterfaceOrientationLandscapeRight";
				LD_RUNPATH_SEARCH_PATHS = (
					"$(inherited)",
					"@executable_path/Frameworks",
				);
				MARKETING_VERSION = 1.0;
				PRODUCT_BUNDLE_IDENTIFIER = put.155869;
				PRODUCT_NAME = "$(TARGET_NAME)";
				SWIFT_EMIT_LOC_STRINGS = YES;
				SWIFT_VERSION = 5.0;
				TARGETED_DEVICE_FAMILY = "1,2";
			};
			name = Release;
		};
/* End XCBuildConfiguration section */

/* Begin XCConfigurationList section */
		36CF63522AE273EA00F21E3C /* Build configuration list for PBXProject "TabliceRejestracyjne" */ = {
			isa = XCConfigurationList;
			buildConfigurations = (
				36CF63692AE273ED00F21E3C /* Debug */,
				36CF636A2AE273ED00F21E3C /* Release */,
			);
			defaultConfigurationIsVisible = 0;
			defaultConfigurationName = Release;
		};
		36CF636B2AE273ED00F21E3C /* Build configuration list for PBXNativeTarget "TabliceRejestracyjne" */ = {
			isa = XCConfigurationList;
			buildConfigurations = (
				36CF636C2AE273ED00F21E3C /* Debug */,
				36CF636D2AE273ED00F21E3C /* Release */,
			);
			defaultConfigurationIsVisible = 0;
			defaultConfigurationName = Release;
		};
/* End XCConfigurationList section */
	};
	rootObject = 36CF634F2AE273EA00F21E3C /* Project object */;
}
